# This file is autogenerated, do not edit; changes may be undone by the next 'dep ensure'.


[[projects]]
  name = "github.com/lib/pq"
  packages = [".","oid","scram"]
  revision = "3427c32cb71afc948325f299f040e53c1dd78979"
  version = "v1.2.0"

[[projects]]
  branch = "master"
  name = "golang.org/x/crypto"
  packages = ["bcrypt","blowfish"]
  revision = "60c769a6c58655dab1b9adac0d58967dd517cfba"

[solve-meta]
  analyzer-name = "dep"
  analyzer-version = 1
  inputs-digest = "d518167388344094430a21cea2863fb6df64c49f2906d5243dec41afb694f477"
  solver-name = "gps-cdcl"
  solver-version = 1
